# This file is automatically @generated by Cargo.
# It is not intended for manual editing.
version = 4

[[package]]
name = "owlshift-adapters"
version = "0.0.0"
dependencies = [
 "owlshift-contracts",
]

[[package]]
name = "owlshift-cli"
version = "0.0.0"
dependencies = [
 "owlshift-runner",
]

[[package]]
name = "owlshift-contracts"
version = "0.0.0"
dependencies = [
 "owlshift-core",
]

[[package]]
name = "owlshift-core"
version = "0.0.0"

[[package]]
name = "owlshift-platform"
version = "0.0.0"

[[package]]
name = "owlshift-runner"
version = "0.0.0"
dependencies = [
 "owlshift-adapters",
 "owlshift-contracts",
 "owlshift-core",
 "owlshift-platform",
]
